
Microsoft Visual Studio Solution File, Format Version 12.00
# Visual Studio Version 17
VisualStudioVersion = 17.3.32929.385
MinimumVisualStudioVersion = 10.0.40219.1
Project("{2150E333-8FDC-42A3-9474-1A3956D46DE8}") = "Todo.Domain", "Todo.Domain", "{67EB8CB0-A77E-470E-A3FD-205691668CF4}"
EndProject
Project("{2150E333-8FDC-42A3-9474-1A3956D46DE8}") = "Todo.Domain.Infra", "Todo.Domain.Infra", "{7BF3CB76-8446-4119-819A-FCE88A735D7A}"
EndProject
Project("{2150E333-8FDC-42A3-9474-1A3956D46DE8}") = "Todo.Domain.Tests", "Todo.Domain.Tests", "{363CFBB3-E483-4DB0-9358-6C320408A203}"
EndProject
Project("{2150E333-8FDC-42A3-9474-1A3956D46DE8}") = "Todo.Domain.Api", "Todo.Domain.Api", "{FBC96850-30ED-463F-97AD-78B4983865A0}"
EndProject
Project("{FAE04EC0-301F-11D3-BF4B-00C04F79EFBC}") = "Todo.Domain", "Todo.Domain\Todo.Domain.csproj", "{31AC22F5-170F-4E29-ABE6-6BA1D0765499}"
EndProject
Project("{FAE04EC0-301F-11D3-BF4B-00C04F79EFBC}") = "Todo.Domain.Api", "Todo.Domain.Api\Todo.Domain.Api.csproj", "{3F0BB9F5-F835-4101-8EF6-AAEEEFDF56E1}"
EndProject
Project("{FAE04EC0-301F-11D3-BF4B-00C04F79EFBC}") = "Todo.Domain.Infra", "Todo.Domain.Infra\Todo.Domain.Infra.csproj", "{583834AA-68AA-489B-9BD2-51961B1CE6CF}"
EndProject
Project("{FAE04EC0-301F-11D3-BF4B-00C04F79EFBC}") = "Todo.Domain.Tests", "Todo.Domain.Tests\Todo.Domain.Tests.csproj", "{2559E9BB-D1F6-4A70-A695-F6700EA5429D}"
EndProject
Global
	GlobalSection(SolutionConfigurationPlatforms) = preSolution
		Debug|Any CPU = Debug|Any CPU
		Release|Any CPU = Release|Any CPU
	EndGlobalSection
	GlobalSection(ProjectConfigurationPlatforms) = postSolution
		{31AC22F5-170F-4E29-ABE6-6BA1D0765499}.Debug|Any CPU.ActiveCfg = Debug|Any CPU
		{31AC22F5-170F-4E29-ABE6-6BA1D0765499}.Debug|Any CPU.Build.0 = Debug|Any CPU
		{31AC22F5-170F-4E29-ABE6-6BA1D0765499}.Release|Any CPU.ActiveCfg = Release|Any CPU
		{31AC22F5-170F-4E29-ABE6-6BA1D0765499}.Release|Any CPU.Build.0 = Release|Any CPU
		{3F0BB9F5-F835-4101-8EF6-AAEEEFDF56E1}.Debug|Any CPU.ActiveCfg = Debug|Any CPU
		{3F0BB9F5-F835-4101-8EF6-AAEEEFDF56E1}.Debug|Any CPU.Build.0 = Debug|Any CPU
		{3F0BB9F5-F835-4101-8EF6-AAEEEFDF56E1}.Release|Any CPU.ActiveCfg = Release|Any CPU
		{3F0BB9F5-F835-4101-8EF6-AAEEEFDF56E1}.Release|Any CPU.Build.0 = Release|Any CPU
		{583834AA-68AA-489B-9BD2-51961B1CE6CF}.Debug|Any CPU.ActiveCfg = Debug|Any CPU
		{583834AA-68AA-489B-9BD2-51961B1CE6CF}.Debug|Any CPU.Build.0 = Debug|Any CPU
		{583834AA-68AA-489B-9BD2-51961B1CE6CF}.Release|Any CPU.ActiveCfg = Release|Any CPU
		{583834AA-68AA-489B-9BD2-51961B1CE6CF}.Release|Any CPU.Build.0 = Release|Any CPU
		{2559E9BB-D1F6-4A70-A695-F6700EA5429D}.Debug|Any CPU.ActiveCfg = Debug|Any CPU
		{2559E9BB-D1F6-4A70-A695-F6700EA5429D}.Debug|Any CPU.Build.0 = Debug|Any CPU
		{2559E9BB-D1F6-4A70-A695-F6700EA5429D}.Release|Any CPU.ActiveCfg = Release|Any CPU
		{2559E9BB-D1F6-4A70-A695-F6700EA5429D}.Release|Any CPU.Build.0 = Release|Any CPU
	EndGlobalSection
	GlobalSection(SolutionProperties) = preSolution
		HideSolutionNode = FALSE
	EndGlobalSection
	GlobalSection(NestedProjects) = preSolution
		{31AC22F5-170F-4E29-ABE6-6BA1D0765499} = {67EB8CB0-A77E-470E-A3FD-205691668CF4}
		{3F0BB9F5-F835-4101-8EF6-AAEEEFDF56E1} = {FBC96850-30ED-463F-97AD-78B4983865A0}
		{583834AA-68AA-489B-9BD2-51961B1CE6CF} = {7BF3CB76-8446-4119-819A-FCE88A735D7A}
		{2559E9BB-D1F6-4A70-A695-F6700EA5429D} = {363CFBB3-E483-4DB0-9358-6C320408A203}
	EndGlobalSection
	GlobalSection(ExtensibilityGlobals) = postSolution
		SolutionGuid = {D14521BA-2C02-4426-AB6E-B8E8AD77D2FE}
	EndGlobalSection
EndGlobal
